{
	"name": "@pernod-ricard-global-cms/cblvideocontroller",
	"version": "3.6.1",
	"lockfileVersion": 2,
	"requires": true,
	"packages": {
		"": {
			"name": "@pernod-ricard-global-cms/cblvideocontroller",
			"version": "3.6.1",
			"license": "ISC",
			"dependencies": {
				"@vimeo/player": "^2.16.4",
				"prettier": "^2.6.2"
			}
		},
		"node_modules/@vimeo/player": {
			"version": "2.16.4",
			"resolved": "https://registry.npmjs.org/@vimeo/player/-/player-2.16.4.tgz",
			"integrity": "sha512-i+ids9ziQuai3mp8XzF9Q5b2hLgRCekRcefdnoy+RkKUR8Xq0cJndnk9jHugEOw8v6PLj7tO3eEAw4lu2/AG2Q==",
			"dependencies": {
				"native-promise-only": "0.8.1",
				"weakmap-polyfill": "2.0.4"
			}
		},
		"node_modules/native-promise-only": {
			"version": "0.8.1",
			"resolved": "https://registry.npmjs.org/native-promise-only/-/native-promise-only-0.8.1.tgz",
			"integrity": "sha1-IKMYwwy0X3H+et+/eyHJnBRy7xE="
		},
		"node_modules/prettier": {
			"version": "2.6.2",
			"resolved": "https://registry.npmjs.org/prettier/-/prettier-2.6.2.tgz",
			"integrity": "sha512-PkUpF+qoXTqhOeWL9fu7As8LXsIUZ1WYaJiY/a7McAQzxjk82OF0tibkFXVCDImZtWxbvojFjerkiLb0/q8mew==",
			"bin": {
				"prettier": "bin-prettier.js"
			},
			"engines": {
				"node": ">=10.13.0"
			},
			"funding": {
				"url": "https://github.com/prettier/prettier?sponsor=1"
			}
		},
		"node_modules/weakmap-polyfill": {
			"version": "2.0.4",
			"resolved": "https://registry.npmjs.org/weakmap-polyfill/-/weakmap-polyfill-2.0.4.tgz",
			"integrity": "sha512-ZzxBf288iALJseijWelmECm/1x7ZwQn3sMYIkDr2VvZp7r6SEKuT8D0O9Wiq6L9Nl5mazrOMcmiZE/2NCenaxw==",
			"engines": {
				"node": ">=8.10.0"
			}
		}
	},
	"dependencies": {
		"@vimeo/player": {
			"version": "2.16.4",
			"resolved": "https://registry.npmjs.org/@vimeo/player/-/player-2.16.4.tgz",
			"integrity": "sha512-i+ids9ziQuai3mp8XzF9Q5b2hLgRCekRcefdnoy+RkKUR8Xq0cJndnk9jHugEOw8v6PLj7tO3eEAw4lu2/AG2Q==",
			"requires": {
				"native-promise-only": "0.8.1",
				"weakmap-polyfill": "2.0.4"
			}
		},
		"native-promise-only": {
			"version": "0.8.1",
			"resolved": "https://registry.npmjs.org/native-promise-only/-/native-promise-only-0.8.1.tgz",
			"integrity": "sha1-IKMYwwy0X3H+et+/eyHJnBRy7xE="
		},
		"prettier": {
			"version": "2.6.2",
			"resolved": "https://registry.npmjs.org/prettier/-/prettier-2.6.2.tgz",
			"integrity": "sha512-PkUpF+qoXTqhOeWL9fu7As8LXsIUZ1WYaJiY/a7McAQzxjk82OF0tibkFXVCDImZtWxbvojFjerkiLb0/q8mew=="
		},
		"weakmap-polyfill": {
			"version": "2.0.4",
			"resolved": "https://registry.npmjs.org/weakmap-polyfill/-/weakmap-polyfill-2.0.4.tgz",
			"integrity": "sha512-ZzxBf288iALJseijWelmECm/1x7ZwQn3sMYIkDr2VvZp7r6SEKuT8D0O9Wiq6L9Nl5mazrOMcmiZE/2NCenaxw=="
		}
	}
}
